
Microsoft Visual Studio Solution File, Format Version 12.00
# Visual Studio 15
VisualStudioVersion = 15.0.27703.2026
MinimumVisualStudioVersion = 10.0.40219.1
Project("{FAE04EC0-301F-11D3-BF4B-00C04F79EFBC}") = "Shoes.CoreLayer", "Shoes.CoreLayer\Shoes.CoreLayer.csproj", "{BA154992-3EDF-406C-A643-F9D301FE47D6}"
EndProject
Project("{FAE04EC0-301F-11D3-BF4B-00C04F79EFBC}") = "Shoes.DataAccessLayer", "Shoes.DataAccessLayer\Shoes.DataAccessLayer.csproj", "{0FD4E7CA-7AEA-4887-86E2-DAFA81F3B1D6}"
EndProject
Project("{FAE04EC0-301F-11D3-BF4B-00C04F79EFBC}") = "Shoes.EntitiesLayer", "Shoes.EntitiesLayer\Shoes.EntitiesLayer.csproj", "{239188D7-B574-4B2A-BB15-79766271226A}"
EndProject
Project("{FAE04EC0-301F-11D3-BF4B-00C04F79EFBC}") = "Shoes.BusinessLayer", "Shoes.BusinessLayer\Shoes.BusinessLayer.csproj", "{B95CC54A-082D-41C7-8000-4F1CF0577496}"
EndProject
Project("{FAE04EC0-301F-11D3-BF4B-00C04F79EFBC}") = "Shoes.Web", "Shoes.Web\Shoes.Web.csproj", "{DAD64D37-8D2C-42CD-A4EE-7E20C75863ED}"
EndProject
Global
	GlobalSection(SolutionConfigurationPlatforms) = preSolution
		Debug|Any CPU = Debug|Any CPU
		Release|Any CPU = Release|Any CPU
	EndGlobalSection
	GlobalSection(ProjectConfigurationPlatforms) = postSolution
		{BA154992-3EDF-406C-A643-F9D301FE47D6}.Debug|Any CPU.ActiveCfg = Debug|Any CPU
		{BA154992-3EDF-406C-A643-F9D301FE47D6}.Debug|Any CPU.Build.0 = Debug|Any CPU
		{BA154992-3EDF-406C-A643-F9D301FE47D6}.Release|Any CPU.ActiveCfg = Release|Any CPU
		{BA154992-3EDF-406C-A643-F9D301FE47D6}.Release|Any CPU.Build.0 = Release|Any CPU
		{0FD4E7CA-7AEA-4887-86E2-DAFA81F3B1D6}.Debug|Any CPU.ActiveCfg = Debug|Any CPU
		{0FD4E7CA-7AEA-4887-86E2-DAFA81F3B1D6}.Debug|Any CPU.Build.0 = Debug|Any CPU
		{0FD4E7CA-7AEA-4887-86E2-DAFA81F3B1D6}.Release|Any CPU.ActiveCfg = Release|Any CPU
		{0FD4E7CA-7AEA-4887-86E2-DAFA81F3B1D6}.Release|Any CPU.Build.0 = Release|Any CPU
		{239188D7-B574-4B2A-BB15-79766271226A}.Debug|Any CPU.ActiveCfg = Debug|Any CPU
		{239188D7-B574-4B2A-BB15-79766271226A}.Debug|Any CPU.Build.0 = Debug|Any CPU
		{239188D7-B574-4B2A-BB15-79766271226A}.Release|Any CPU.ActiveCfg = Release|Any CPU
		{239188D7-B574-4B2A-BB15-79766271226A}.Release|Any CPU.Build.0 = Release|Any CPU
		{B95CC54A-082D-41C7-8000-4F1CF0577496}.Debug|Any CPU.ActiveCfg = Debug|Any CPU
		{B95CC54A-082D-41C7-8000-4F1CF0577496}.Debug|Any CPU.Build.0 = Debug|Any CPU
		{B95CC54A-082D-41C7-8000-4F1CF0577496}.Release|Any CPU.ActiveCfg = Release|Any CPU
		{B95CC54A-082D-41C7-8000-4F1CF0577496}.Release|Any CPU.Build.0 = Release|Any CPU
		{DAD64D37-8D2C-42CD-A4EE-7E20C75863ED}.Debug|Any CPU.ActiveCfg = Debug|Any CPU
		{DAD64D37-8D2C-42CD-A4EE-7E20C75863ED}.Debug|Any CPU.Build.0 = Debug|Any CPU
		{DAD64D37-8D2C-42CD-A4EE-7E20C75863ED}.Release|Any CPU.ActiveCfg = Release|Any CPU
		{DAD64D37-8D2C-42CD-A4EE-7E20C75863ED}.Release|Any CPU.Build.0 = Release|Any CPU
	EndGlobalSection
	GlobalSection(SolutionProperties) = preSolution
		HideSolutionNode = FALSE
	EndGlobalSection
	GlobalSection(ExtensibilityGlobals) = postSolution
		SolutionGuid = {B6637E5A-6684-4FA2-9B74-101B30303B53}
	EndGlobalSection
EndGlobal
